
Microsoft Visual Studio Solution File, Format Version 12.00
# Visual Studio Version 17
VisualStudioVersion = 17.9.34723.18
MinimumVisualStudioVersion = 10.0.40219.1
Project("{FAE04EC0-301F-11D3-BF4B-00C04F79EFBC}") = "ZTool.Usage", "ZTool.Usage.csproj", "{69347659-FDBF-4791-8E7B-4598EF448D41}"
EndProject
Project("{FAE04EC0-301F-11D3-BF4B-00C04F79EFBC}") = "ZTool", "..\ZTool\ZTool.csproj", "{878E28EE-8497-4E14-A387-729B93B1DF71}"
EndProject
Project("{FAE04EC0-301F-11D3-BF4B-00C04F79EFBC}") = "ZTool.Image", "..\ZTool.Image\ZTool.Image.csproj", "{47363DBF-A898-4211-B07C-A60B562F457F}"
EndProject
Global
	GlobalSection(SolutionConfigurationPlatforms) = preSolution
		Debug|Any CPU = Debug|Any CPU
		Release|Any CPU = Release|Any CPU
	EndGlobalSection
	GlobalSection(ProjectConfigurationPlatforms) = postSolution
		{69347659-FDBF-4791-8E7B-4598EF448D41}.Debug|Any CPU.ActiveCfg = Debug|Any CPU
		{69347659-FDBF-4791-8E7B-4598EF448D41}.Debug|Any CPU.Build.0 = Debug|Any CPU
		{69347659-FDBF-4791-8E7B-4598EF448D41}.Release|Any CPU.ActiveCfg = Release|Any CPU
		{69347659-FDBF-4791-8E7B-4598EF448D41}.Release|Any CPU.Build.0 = Release|Any CPU
		{878E28EE-8497-4E14-A387-729B93B1DF71}.Debug|Any CPU.ActiveCfg = Debug|Any CPU
		{878E28EE-8497-4E14-A387-729B93B1DF71}.Debug|Any CPU.Build.0 = Debug|Any CPU
		{878E28EE-8497-4E14-A387-729B93B1DF71}.Release|Any CPU.ActiveCfg = Release|Any CPU
		{878E28EE-8497-4E14-A387-729B93B1DF71}.Release|Any CPU.Build.0 = Release|Any CPU
		{47363DBF-A898-4211-B07C-A60B562F457F}.Debug|Any CPU.ActiveCfg = Debug|Any CPU
		{47363DBF-A898-4211-B07C-A60B562F457F}.Debug|Any CPU.Build.0 = Debug|Any CPU
		{47363DBF-A898-4211-B07C-A60B562F457F}.Release|Any CPU.ActiveCfg = Release|Any CPU
		{47363DBF-A898-4211-B07C-A60B562F457F}.Release|Any CPU.Build.0 = Release|Any CPU
	EndGlobalSection
	GlobalSection(SolutionProperties) = preSolution
		HideSolutionNode = FALSE
	EndGlobalSection
	GlobalSection(ExtensibilityGlobals) = postSolution
		SolutionGuid = {C3772596-E128-40F3-B307-638D80C90C4A}
	EndGlobalSection
EndGlobal
