
Microsoft Visual Studio Solution File, Format Version 12.00
# Visual Studio Version 17
VisualStudioVersion = 17.9.34723.18
MinimumVisualStudioVersion = 10.0.40219.1
Project("{2150E333-8FDC-42A3-9474-1A3956D46DE8}") = "Refs", "Refs", "{37C31E0B-CCDE-4B56-B763-12C1915525AD}"
EndProject
Project("{9A19103F-16F7-4668-BE54-9A1E7A4F7556}") = "ZTool.Databases", "..\ZTool\ZTool.Databases\ZTool.Databases\ZTool.Databases.csproj", "{79B8602D-E93B-4BF3-88A8-A6E976E377E8}"
EndProject
Project("{9A19103F-16F7-4668-BE54-9A1E7A4F7556}") = "ZTool.Databases.Mongo", "..\ZTool\ZTool.Databases\ZTool.Databases.Mongo\ZTool.Databases.Mongo.csproj", "{CF762917-E1AD-40FB-8E89-582C2D1E72E8}"
EndProject
Project("{9A19103F-16F7-4668-BE54-9A1E7A4F7556}") = "ZTool", "..\ZTool\ZTool\ZTool.csproj", "{1D1D05E4-6A3C-45E9-8651-40ED45118328}"
EndProject
Project("{9A19103F-16F7-4668-BE54-9A1E7A4F7556}") = "GeoProblemDatabases", "GeoProblemDatabases.csproj", "{3EFB5F0A-E70D-4609-9B57-32A2F3B240D6}"
EndProject
Global
	GlobalSection(SolutionConfigurationPlatforms) = preSolution
		Debug|Any CPU = Debug|Any CPU
		Release|Any CPU = Release|Any CPU
	EndGlobalSection
	GlobalSection(ProjectConfigurationPlatforms) = postSolution
		{79B8602D-E93B-4BF3-88A8-A6E976E377E8}.Debug|Any CPU.ActiveCfg = Debug|Any CPU
		{79B8602D-E93B-4BF3-88A8-A6E976E377E8}.Debug|Any CPU.Build.0 = Debug|Any CPU
		{79B8602D-E93B-4BF3-88A8-A6E976E377E8}.Release|Any CPU.ActiveCfg = Release|Any CPU
		{79B8602D-E93B-4BF3-88A8-A6E976E377E8}.Release|Any CPU.Build.0 = Release|Any CPU
		{CF762917-E1AD-40FB-8E89-582C2D1E72E8}.Debug|Any CPU.ActiveCfg = Debug|Any CPU
		{CF762917-E1AD-40FB-8E89-582C2D1E72E8}.Debug|Any CPU.Build.0 = Debug|Any CPU
		{CF762917-E1AD-40FB-8E89-582C2D1E72E8}.Release|Any CPU.ActiveCfg = Release|Any CPU
		{CF762917-E1AD-40FB-8E89-582C2D1E72E8}.Release|Any CPU.Build.0 = Release|Any CPU
		{1D1D05E4-6A3C-45E9-8651-40ED45118328}.Debug|Any CPU.ActiveCfg = Debug|Any CPU
		{1D1D05E4-6A3C-45E9-8651-40ED45118328}.Debug|Any CPU.Build.0 = Debug|Any CPU
		{1D1D05E4-6A3C-45E9-8651-40ED45118328}.Release|Any CPU.ActiveCfg = Release|Any CPU
		{1D1D05E4-6A3C-45E9-8651-40ED45118328}.Release|Any CPU.Build.0 = Release|Any CPU
		{3EFB5F0A-E70D-4609-9B57-32A2F3B240D6}.Debug|Any CPU.ActiveCfg = Debug|Any CPU
		{3EFB5F0A-E70D-4609-9B57-32A2F3B240D6}.Debug|Any CPU.Build.0 = Debug|Any CPU
		{3EFB5F0A-E70D-4609-9B57-32A2F3B240D6}.Release|Any CPU.ActiveCfg = Release|Any CPU
		{3EFB5F0A-E70D-4609-9B57-32A2F3B240D6}.Release|Any CPU.Build.0 = Release|Any CPU
	EndGlobalSection
	GlobalSection(SolutionProperties) = preSolution
		HideSolutionNode = FALSE
	EndGlobalSection
	GlobalSection(NestedProjects) = preSolution
		{79B8602D-E93B-4BF3-88A8-A6E976E377E8} = {37C31E0B-CCDE-4B56-B763-12C1915525AD}
		{CF762917-E1AD-40FB-8E89-582C2D1E72E8} = {37C31E0B-CCDE-4B56-B763-12C1915525AD}
		{1D1D05E4-6A3C-45E9-8651-40ED45118328} = {37C31E0B-CCDE-4B56-B763-12C1915525AD}
	EndGlobalSection
	GlobalSection(ExtensibilityGlobals) = postSolution
		SolutionGuid = {CC444CFB-0631-42E5-9E6E-9FC1ADCF27E7}
	EndGlobalSection
EndGlobal
